{
  "name": "qtstemp",
  "version": "1.0.0",
  "lockfileVersion": 2,
  "requires": true,
  "packages": {
    "": {
      "name": "qtstemp",
      "version": "1.0.0",
      "license": "ISC",
      "devDependencies": {
        "@rbxts/compiler-types": "^2.1.0-types.1",
        "@rbxts/types": "^1.0.720",
        "typescript": "^5.2.2"
      }
    },
    "node_modules/@rbxts/compiler-types": {
      "version": "2.1.0-types.1",
      "resolved": "https://registry.npmjs.org/@rbxts/compiler-types/-/compiler-types-2.1.0-types.1.tgz",
      "integrity": "sha512-+ztwutzuNivWsgsERiC7n5il4C5gfJUuGJUmXYRq8FwY4ye3aupRi9RocmyAHq6255sO7z+RM61AVbqx3llsLQ==",
      "dev": true
    },
    "node_modules/@rbxts/types": {
      "version": "1.0.720",
      "resolved": "https://registry.npmjs.org/@rbxts/types/-/types-1.0.720.tgz",
      "integrity": "sha512-qhINYzZA1dsz534UdmQx1UKXVtBfBf26Lyh3mrX/5Lm6Iqjt0jDTtFn691BjA3xQlCU8oPec0gnRFxuIql0quA==",
      "dev": true
    },
    "node_modules/typescript": {
      "version": "5.2.2",
      "resolved": "https://registry.npmjs.org/typescript/-/typescript-5.2.2.tgz",
      "integrity": "sha512-mI4WrpHsbCIcwT9cF4FZvr80QUeKvsUsUvKDoR+X/7XHQH98xYD8YHZg7ANtz2GtZt/CBq2QJ0thkGJMHfqc1w==",
      "dev": true,
      "bin": {
        "tsc": "bin/tsc",
        "tsserver": "bin/tsserver"
      },
      "engines": {
        "node": ">=14.17"
      }
    }
  },
  "dependencies": {
    "@rbxts/compiler-types": {
      "version": "2.1.0-types.1",
      "resolved": "https://registry.npmjs.org/@rbxts/compiler-types/-/compiler-types-2.1.0-types.1.tgz",
      "integrity": "sha512-+ztwutzuNivWsgsERiC7n5il4C5gfJUuGJUmXYRq8FwY4ye3aupRi9RocmyAHq6255sO7z+RM61AVbqx3llsLQ==",
      "dev": true
    },
    "@rbxts/types": {
      "version": "1.0.720",
      "resolved": "https://registry.npmjs.org/@rbxts/types/-/types-1.0.720.tgz",
      "integrity": "sha512-qhINYzZA1dsz534UdmQx1UKXVtBfBf26Lyh3mrX/5Lm6Iqjt0jDTtFn691BjA3xQlCU8oPec0gnRFxuIql0quA==",
      "dev": true
    },
    "typescript": {
      "version": "5.2.2",
      "resolved": "https://registry.npmjs.org/typescript/-/typescript-5.2.2.tgz",
      "integrity": "sha512-mI4WrpHsbCIcwT9cF4FZvr80QUeKvsUsUvKDoR+X/7XHQH98xYD8YHZg7ANtz2GtZt/CBq2QJ0thkGJMHfqc1w==",
      "dev": true
    }
  }
}
